
Microsoft Visual Studio Solution File, Format Version 12.00
# Visual Studio Version 17
VisualStudioVersion = 17.4.33205.214
MinimumVisualStudioVersion = 10.0.40219.1
Project("{8BC9CEB8-8B4A-11D0-8D11-00A0C91BC942}") = "Bank", "Bank\Bank.vcxproj", "{1BCB42FB-ECFE-455E-A99C-06C5937E393A}"
EndProject
Global
	GlobalSection(SolutionConfigurationPlatforms) = preSolution
		Debug|x64 = Debug|x64
		Debug|x86 = Debug|x86
		Release|x64 = Release|x64
		Release|x86 = Release|x86
	EndGlobalSection
	GlobalSection(ProjectConfigurationPlatforms) = postSolution
		{1BCB42FB-ECFE-455E-A99C-06C5937E393A}.Debug|x64.ActiveCfg = Debug|x64
		{1BCB42FB-ECFE-455E-A99C-06C5937E393A}.Debug|x64.Build.0 = Debug|x64
		{1BCB42FB-ECFE-455E-A99C-06C5937E393A}.Debug|x86.ActiveCfg = Debug|Win32
		{1BCB42FB-ECFE-455E-A99C-06C5937E393A}.Debug|x86.Build.0 = Debug|Win32
		{1BCB42FB-ECFE-455E-A99C-06C5937E393A}.Release|x64.ActiveCfg = Release|x64
		{1BCB42FB-ECFE-455E-A99C-06C5937E393A}.Release|x64.Build.0 = Release|x64
		{1BCB42FB-ECFE-455E-A99C-06C5937E393A}.Release|x86.ActiveCfg = Release|Win32
		{1BCB42FB-ECFE-455E-A99C-06C5937E393A}.Release|x86.Build.0 = Release|Win32
	EndGlobalSection
	GlobalSection(SolutionProperties) = preSolution
		HideSolutionNode = FALSE
	EndGlobalSection
	GlobalSection(ExtensibilityGlobals) = postSolution
		SolutionGuid = {B6F25C17-8FFD-4E82-9363-626F2DB22E23}
	EndGlobalSection
EndGlobal
