
Microsoft Visual Studio Solution File, Format Version 12.00
# Visual Studio Version 17
VisualStudioVersion = 17.3.32922.545
MinimumVisualStudioVersion = 10.0.40219.1
Project("{8BC9CEB8-8B4A-11D0-8D11-00A0C91BC942}") = "ReplacementOfDigits", "ReplacementOfDigits\ReplacementOfDigits.vcxproj", "{88105CE6-7B63-4E5B-9D24-E9E0E5A58D94}"
EndProject
Global
	GlobalSection(SolutionConfigurationPlatforms) = preSolution
		Debug|x64 = Debug|x64
		Debug|x86 = Debug|x86
		Release|x64 = Release|x64
		Release|x86 = Release|x86
	EndGlobalSection
	GlobalSection(ProjectConfigurationPlatforms) = postSolution
		{88105CE6-7B63-4E5B-9D24-E9E0E5A58D94}.Debug|x64.ActiveCfg = Debug|x64
		{88105CE6-7B63-4E5B-9D24-E9E0E5A58D94}.Debug|x64.Build.0 = Debug|x64
		{88105CE6-7B63-4E5B-9D24-E9E0E5A58D94}.Debug|x86.ActiveCfg = Debug|Win32
		{88105CE6-7B63-4E5B-9D24-E9E0E5A58D94}.Debug|x86.Build.0 = Debug|Win32
		{88105CE6-7B63-4E5B-9D24-E9E0E5A58D94}.Release|x64.ActiveCfg = Release|x64
		{88105CE6-7B63-4E5B-9D24-E9E0E5A58D94}.Release|x64.Build.0 = Release|x64
		{88105CE6-7B63-4E5B-9D24-E9E0E5A58D94}.Release|x86.ActiveCfg = Release|Win32
		{88105CE6-7B63-4E5B-9D24-E9E0E5A58D94}.Release|x86.Build.0 = Release|Win32
	EndGlobalSection
	GlobalSection(SolutionProperties) = preSolution
		HideSolutionNode = FALSE
	EndGlobalSection
	GlobalSection(ExtensibilityGlobals) = postSolution
		SolutionGuid = {8BE44535-8985-4A33-A8DB-BA21B2EAE6AF}
	EndGlobalSection
EndGlobal
